
Microsoft Visual Studio Solution File, Format Version 12.00
# Visual Studio 14
VisualStudioVersion = 14.0.24720.0
MinimumVisualStudioVersion = 10.0.40219.1
Project("{FAE04EC0-301F-11D3-BF4B-00C04F79EFBC}") = "Enterprise_Development_CW1.View", "Enterprise_Development_CW1\Enterprise_Development_CW1.View.csproj", "{F8FCFDD3-B003-4500-9D23-DD6187D99FBE}"
EndProject
Project("{FAE04EC0-301F-11D3-BF4B-00C04F79EFBC}") = "Enterprise_Development_CW1.DB", "Enterprise_Development_CW1.DB\Enterprise_Development_CW1.DB.csproj", "{472C4823-A3C6-47D9-9351-6E1643DB1608}"
EndProject
Project("{FAE04EC0-301F-11D3-BF4B-00C04F79EFBC}") = "Enterprise_Development_CW1.Controller", "Enterprise_Development_CW1.Controller\Enterprise_Development_CW1.Controller.csproj", "{9406139D-5AE7-4400-A021-0FAE8A0CF04C}"
EndProject
Global
	GlobalSection(SolutionConfigurationPlatforms) = preSolution
		Debug|Any CPU = Debug|Any CPU
		Release|Any CPU = Release|Any CPU
	EndGlobalSection
	GlobalSection(ProjectConfigurationPlatforms) = postSolution
		{F8FCFDD3-B003-4500-9D23-DD6187D99FBE}.Debug|Any CPU.ActiveCfg = Debug|Any CPU
		{F8FCFDD3-B003-4500-9D23-DD6187D99FBE}.Debug|Any CPU.Build.0 = Debug|Any CPU
		{F8FCFDD3-B003-4500-9D23-DD6187D99FBE}.Release|Any CPU.ActiveCfg = Release|Any CPU
		{F8FCFDD3-B003-4500-9D23-DD6187D99FBE}.Release|Any CPU.Build.0 = Release|Any CPU
		{472C4823-A3C6-47D9-9351-6E1643DB1608}.Debug|Any CPU.ActiveCfg = Debug|Any CPU
		{472C4823-A3C6-47D9-9351-6E1643DB1608}.Debug|Any CPU.Build.0 = Debug|Any CPU
		{472C4823-A3C6-47D9-9351-6E1643DB1608}.Release|Any CPU.ActiveCfg = Release|Any CPU
		{472C4823-A3C6-47D9-9351-6E1643DB1608}.Release|Any CPU.Build.0 = Release|Any CPU
		{9406139D-5AE7-4400-A021-0FAE8A0CF04C}.Debug|Any CPU.ActiveCfg = Debug|Any CPU
		{9406139D-5AE7-4400-A021-0FAE8A0CF04C}.Debug|Any CPU.Build.0 = Debug|Any CPU
		{9406139D-5AE7-4400-A021-0FAE8A0CF04C}.Release|Any CPU.ActiveCfg = Release|Any CPU
		{9406139D-5AE7-4400-A021-0FAE8A0CF04C}.Release|Any CPU.Build.0 = Release|Any CPU
	EndGlobalSection
	GlobalSection(SolutionProperties) = preSolution
		HideSolutionNode = FALSE
	EndGlobalSection
EndGlobal
